version = 1
revision = 3
requires-python = "==3.11.*"

[[package]]
name = "boris-app"
version = "0.13"
source = { virtual = "." }
dependencies = [
    { name = "cython" },
    { name = "kivy" },
    { name = "kivy-garden" },
    { name = "kivymd" },
    { name = "pip" },
    { name = "plyer" },
    { name = "requests" },
    { name = "setuptools" },
]

[package.dev-dependencies]
dev = [
    { name = "buildozer" },
]

[package.metadata]
requires-dist = [
    { name = "cython", specifier = "==0.29.33" },
    { name = "kivy", specifier = ">=2.3.0" },
    { name = "kivy-garden", specifier = ">=0.1.5" },
    { name = "kivymd", specifier = ">=1.2.0" },
    { name = "pip", specifier = ">=25.3" },
    { name = "plyer", specifier = ">=2.1.0" },
    { name = "requests", specifier = ">=2.32.3" },
    { name = "setuptools", specifier = ">=74.1.2" },
]

[package.metadata.requires-dev]
dev = [{ name = "buildozer", specifier = ">=1.5.0" }]

[[package]]
name = "buildozer"
version = "1.5.0"
source = { registry = "https://pypi.org/simple" }
dependencies = [
    { name = "pexpect" },
    { name = "sh" },
    { name = "virtualenv" },
]
sdist = { url = "https://files.pythonhosted.org/packages/ff/8b/6974124a89218df577c00f6da5bf1be23aed931212ad008894b413e04650/buildozer-1.5.0.tar.gz", hash = "sha256:ec685a53f88789607a43e629f9e25992c9be8824518b00d77ce3092ff7deca75", size = 147924, upload-time = "2023-01-28T20:48:16.805Z" }
wheels = [
    { url = "https://files.pythonhosted.org/packages/b4/cc/b100902af85c46a2acddf0c83d11239393c17c891bf25e225ed5243ffc2a/buildozer-1.5.0-py3-none-any.whl", hash = "sha256:987cc4363c4834893bbf1c32547b8afd953a16b92d788a654ca5f89ba197d9ea", size = 86896, upload-time = "2023-01-28T20:48:14.633Z" },
]

[[package]]
name = "certifi"
version = "2025.10.5"
source = { registry = "https://pypi.org/simple" }
sdist = { url = "https://files.pythonhosted.org/packages/4c/5b/b6ce21586237c77ce67d01dc5507039d444b630dd76611bbca2d8e5dcd91/certifi-2025.10.5.tar.gz", hash = "sha256:47c09d31ccf2acf0be3f701ea53595ee7e0b8fa08801c6624be771df09ae7b43", size = 164519, upload-time = "2025-10-05T04:12:15.808Z" }
wheels = [
    { url = "https://files.pythonhosted.org/packages/e4/37/af0d2ef3967ac0d6113837b44a4f0bfe1328c2b9763bd5b1744520e5cfed/certifi-2025.10.5-py3-none-any.whl", hash = "sha256:0f212c2744a9bb6de0c56639a6f68afe01ecd92d91f14ae897c4fe7bbeeef0de", size = 163286, upload-time = "2025-10-05T04:12:14.03Z" },
]

[[package]]
name = "charset-normalizer"
version = "3.4.4"
source = { registry = "https://pypi.org/simple" }
sdist = { url = "https://files.pythonhosted.org/packages/13/69/33ddede1939fdd074bce5434295f38fae7136463422fe4fd3e0e89b98062/charset_normalizer-3.4.4.tar.gz", hash = "sha256:94537985111c35f28720e43603b8e7b43a6ecfb2ce1d3058bbe955b73404e21a", size = 129418, upload-time = "2025-10-14T04:42:32.879Z" }
wheels = [
    { url = "https://files.pythonhosted.org/packages/ed/27/c6491ff4954e58a10f69ad90aca8a1b6fe9c5d3c6f380907af3c37435b59/charset_normalizer-3.4.4-cp311-cp311-macosx_10_9_universal2.whl", hash = "sha256:6e1fcf0720908f200cd21aa4e6750a48ff6ce4afe7ff5a79a90d5ed8a08296f8", size = 206988, upload-time = "2025-10-14T04:40:33.79Z" },
    { url = "https://files.pythonhosted.org/packages/94/59/2e87300fe67ab820b5428580a53cad894272dbb97f38a7a814a2a1ac1011/charset_normalizer-3.4.4-cp311-cp311-manylinux2014_aarch64.manylinux_2_17_aarch64.manylinux_2_28_aarch64.whl", hash = "sha256:5f819d5fe9234f9f82d75bdfa9aef3a3d72c4d24a6e57aeaebba32a704553aa0", size = 147324, upload-time = "2025-10-14T04:40:34.961Z" },
    { url = "https://files.pythonhosted.org/packages/07/fb/0cf61dc84b2b088391830f6274cb57c82e4da8bbc2efeac8c025edb88772/charset_normalizer-3.4.4-cp311-cp311-manylinux2014_armv7l.manylinux_2_17_armv7l.manylinux_2_31_armv7l.whl", hash = "sha256:a59cb51917aa591b1c4e6a43c132f0cdc3c76dbad6155df4e28ee626cc77a0a3", size = 142742, upload-time = "2025-10-14T04:40:36.105Z" },
    { url = "https://files.pythonhosted.org/packages/62/8b/171935adf2312cd745d290ed93cf16cf0dfe320863ab7cbeeae1dcd6535f/charset_normalizer-3.4.4-cp311-cp311-manylinux2014_ppc64le.manylinux_2_17_ppc64le.manylinux_2_28_ppc64le.whl", hash = "sha256:8ef3c867360f88ac904fd3f5e1f902f13307af9052646963ee08ff4f131adafc", size = 160863, upload-time = "2025-10-14T04:40:37.188Z" },
    { url = "https://files.pythonhosted.org/packages/09/73/ad875b192bda14f2173bfc1bc9a55e009808484a4b256748d931b6948442/charset_normalizer-3.4.4-cp311-cp311-manylinux2014_s390x.manylinux_2_17_s390x.manylinux_2_28_s390x.whl", hash = "sha256:d9e45d7faa48ee908174d8fe84854479ef838fc6a705c9315372eacbc2f02897", size = 157837, upload-time = "2025-10-14T04:40:38.435Z" },
    { url = "https://files.pythonhosted.org/packages/6d/fc/de9cce525b2c5b94b47c70a4b4fb19f871b24995c728e957ee68ab1671ea/charset_normalizer-3.4.4-cp311-cp311-manylinux2014_x86_64.manylinux_2_17_x86_64.manylinux_2_28_x86_64.whl", hash = "sha256:840c25fb618a231545cbab0564a799f101b63b9901f2569faecd6b222ac72381", size = 151550, upload-time = "2025-10-14T04:40:40.053Z" },
    { url = "https://files.pythonhosted.org/packages/55/c2/43edd615fdfba8c6f2dfbd459b25a6b3b551f24ea21981e23fb768503ce1/charset_normalizer-3.4.4-cp311-cp311-manylinux_2_31_riscv64.manylinux_2_39_riscv64.whl", hash = "sha256:ca5862d5b3928c4940729dacc329aa9102900382fea192fc5e52eb69d6093815", size = 149162, upload-time = "2025-10-14T04:40:41.163Z" },
    { url = "https://files.pythonhosted.org/packages/03/86/bde4ad8b4d0e9429a4e82c1e8f5c659993a9a863ad62c7df05cf7b678d75/charset_normalizer-3.4.4-cp311-cp311-musllinux_1_2_aarch64.whl", hash = "sha256:d9c7f57c3d666a53421049053eaacdd14bbd0a528e2186fcb2e672effd053bb0", size = 150019, upload-time = "2025-10-14T04:40:42.276Z" },
    { url = "https://files.pythonhosted.org/packages/1f/86/a151eb2af293a7e7bac3a739b81072585ce36ccfb4493039f49f1d3cae8c/charset_normalizer-3.4.4-cp311-cp311-musllinux_1_2_armv7l.whl", hash = "sha256:277e970e750505ed74c832b4bf75dac7476262ee2a013f5574dd49075879e161", size = 143310, upload-time = "2025-10-14T04:40:43.439Z" },
    { url = "https://files.pythonhosted.org/packages/b5/fe/43dae6144a7e07b87478fdfc4dbe9efd5defb0e7ec29f5f58a55aeef7bf7/charset_normalizer-3.4.4-cp311-cp311-musllinux_1_2_ppc64le.whl", hash = "sha256:31fd66405eaf47bb62e8cd575dc621c56c668f27d46a61d975a249930dd5e2a4", size = 162022, upload-time = "2025-10-14T04:40:44.547Z" },
    { url = "https://files.pythonhosted.org/packages/80/e6/7aab83774f5d2bca81f42ac58d04caf44f0cc2b65fc6db2b3b2e8a05f3b3/charset_normalizer-3.4.4-cp311-cp311-musllinux_1_2_riscv64.whl", hash = "sha256:0d3d8f15c07f86e9ff82319b3d9ef6f4bf907608f53fe9d92b28ea9ae3d1fd89", size = 149383, upload-time = "2025-10-14T04:40:46.018Z" },
    { url = "https://files.pythonhosted.org/packages/4f/e8/b289173b4edae05c0dde07f69f8db476a0b511eac556dfe0d6bda3c43384/charset_normalizer-3.4.4-cp311-cp311-musllinux_1_2_s390x.whl", hash = "sha256:9f7fcd74d410a36883701fafa2482a6af2ff5ba96b9a620e9e0721e28ead5569", size = 159098, upload-time = "2025-10-14T04:40:47.081Z" },
    { url = "https://files.pythonhosted.org/packages/d8/df/fe699727754cae3f8478493c7f45f777b17c3ef0600e28abfec8619eb49c/charset_normalizer-3.4.4-cp311-cp311-musllinux_1_2_x86_64.whl", hash = "sha256:ebf3e58c7ec8a8bed6d66a75d7fb37b55e5015b03ceae72a8e7c74495551e224", size = 152991, upload-time = "2025-10-14T04:40:48.246Z" },
    { url = "https://files.pythonhosted.org/packages/1a/86/584869fe4ddb6ffa3bd9f491b87a01568797fb9bd8933f557dba9771beaf/charset_normalizer-3.4.4-cp311-cp311-win32.whl", hash = "sha256:eecbc200c7fd5ddb9a7f16c7decb07b566c29fa2161a16cf67b8d068bd21690a", size = 99456, upload-time = "2025-10-14T04:40:49.376Z" },
    { url = "https://files.pythonhosted.org/packages/65/f6/62fdd5feb60530f50f7e38b4f6a1d5203f4d16ff4f9f0952962c044e919a/charset_normalizer-3.4.4-cp311-cp311-win_amd64.whl", hash = "sha256:5ae497466c7901d54b639cf42d5b8c1b6a4fead55215500d2f486d34db48d016", size = 106978, upload-time = "2025-10-14T04:40:50.844Z" },
    { url = "https://files.pythonhosted.org/packages/7a/9d/0710916e6c82948b3be62d9d398cb4fcf4e97b56d6a6aeccd66c4b2f2bd5/charset_normalizer-3.4.4-cp311-cp311-win_arm64.whl", hash = "sha256:65e2befcd84bc6f37095f5961e68a6f077bf44946771354a28ad434c2cce0ae1", size = 99969, upload-time = "2025-10-14T04:40:52.272Z" },
    { url = "https://files.pythonhosted.org/packages/0a/4c/925909008ed5a988ccbb72dcc897407e5d6d3bd72410d69e051fc0c14647/charset_normalizer-3.4.4-py3-none-any.whl", hash = "sha256:7a32c560861a02ff789ad905a2fe94e3f840803362c84fecf1851cb4cf3dc37f", size = 53402, upload-time = "2025-10-14T04:42:31.76Z" },
]

[[package]]
name = "cython"
version = "0.29.33"
source = { registry = "https://pypi.org/simple" }
sdist = { url = "https://files.pythonhosted.org/packages/dc/f6/e8e302f9942cbebede88b1a0c33d0be3a738c3ac37abae87254d58ffc51c/Cython-0.29.33.tar.gz", hash = "sha256:5040764c4a4d2ce964a395da24f0d1ae58144995dab92c6b96f44c3f4d72286a", size = 2093693, upload-time = "2023-01-06T13:37:39.257Z" }
wheels = [
    { url = "https://files.pythonhosted.org/packages/6b/e0/af071dfca654fb8d03cd43a1aa3081838a7032d7cb335631c7ea7d181843/Cython-0.29.33-cp311-cp311-manylinux_2_17_aarch64.manylinux2014_aarch64.manylinux_2_24_aarch64.whl", hash = "sha256:afc9b6ab20889676c76e700ae6967aa6886a7efe5b05ef6d5b744a6ca793cc43", size = 1817669, upload-time = "2023-01-06T13:38:22.615Z" },
    { url = "https://files.pythonhosted.org/packages/1f/a7/0e28ae6605a3b79724eb0df6e48fd3a654e2bf059e5aacb5074b92258948/Cython-0.29.33-cp311-cp311-manylinux_2_17_x86_64.manylinux2014_x86_64.manylinux_2_24_x86_64.whl", hash = "sha256:49fb45b2bf12d6e2060bbd64506c06ac90e254f3a4bceb32c717f4964a1ae812", size = 1920883, upload-time = "2023-01-06T13:38:25.358Z" },
    { url = "https://files.pythonhosted.org/packages/29/54/8f79c74924a0516ae71c7808ab115189c8c62fedc14987b636f03cc4ac83/Cython-0.29.33-cp311-cp311-manylinux_2_5_i686.manylinux1_i686.manylinux_2_24_i686.whl", hash = "sha256:5430f38d3d01c4715ec2aef5c41e02a2441c1c3a0149359c7a498e4c605b8e6c", size = 1920270, upload-time = "2023-01-06T13:38:28.707Z" },
    { url = "https://files.pythonhosted.org/packages/e9/b5/5022f5ca77fc844b884de314da6284b03baaa6f1c9005d3d4f8d756311b1/Cython-0.29.33-cp311-cp311-musllinux_1_1_x86_64.whl", hash = "sha256:c4d315443c7f4c61180b6c3ea9a9717ee7c901cc9db8d1d46fdf6556613840ed", size = 2018211, upload-time = "2023-01-06T13:38:31.668Z" },
    { url = "https://files.pythonhosted.org/packages/56/3a/e59db3769dee48409c759a88b62cd605324e05d396e10af0a065adc956ad/Cython-0.29.33-py2.py3-none-any.whl", hash = "sha256:8b99252bde8ff51cd06a3fe4aeacd3af9b4ff4a4e6b701ac71bddc54f5da61d6", size = 987330, upload-time = "2023-01-06T13:37:23.302Z" },
]

[[package]]
name = "distlib"
version = "0.4.0"
source = { registry = "https://pypi.org/simple" }
sdist = { url = "https://files.pythonhosted.org/packages/96/8e/709914eb2b5749865801041647dc7f4e6d00b549cfe88b65ca192995f07c/distlib-0.4.0.tar.gz", hash = "sha256:feec40075be03a04501a973d81f633735b4b69f98b05450592310c0f401a4e0d", size = 614605, upload-time = "2025-07-17T16:52:00.465Z" }
wheels = [
    { url = "https://files.pythonhosted.org/packages/33/6b/e0547afaf41bf2c42e52430072fa5658766e3d65bd4b03a563d1b6336f57/distlib-0.4.0-py2.py3-none-any.whl", hash = "sha256:9659f7d87e46584a30b5780e43ac7a2143098441670ff0a49d5f9034c54a6c16", size = 469047, upload-time = "2025-07-17T16:51:58.613Z" },
]

[[package]]
name = "docutils"
version = "0.22.3"
source = { registry = "https://pypi.org/simple" }
sdist = { url = "https://files.pythonhosted.org/packages/d9/02/111134bfeb6e6c7ac4c74594e39a59f6c0195dc4846afbeac3cba60f1927/docutils-0.22.3.tar.gz", hash = "sha256:21486ae730e4ca9f622677b1412b879af1791efcfba517e4c6f60be543fc8cdd", size = 2290153, upload-time = "2025-11-06T02:35:55.655Z" }
wheels = [
    { url = "https://files.pythonhosted.org/packages/11/a8/c6a4b901d17399c77cd81fb001ce8961e9f5e04d3daf27e8925cb012e163/docutils-0.22.3-py3-none-any.whl", hash = "sha256:bd772e4aca73aff037958d44f2be5229ded4c09927fcf8690c577b66234d6ceb", size = 633032, upload-time = "2025-11-06T02:35:52.391Z" },
]

[[package]]
name = "filelock"
version = "3.29.0"
source = { registry = "https://pypi.org/simple" }
sdist = { url = "https://files.pythonhosted.org/packages/b5/fe/997687a931ab51049acce6fa1f23e8f01216374ea81374ddee763c493db5/filelock-3.29.0.tar.gz", hash = "sha256:69974355e960702e789734cb4871f884ea6fe50bd8404051a3530bc07809cf90", size = 57571, upload-time = "2026-04-19T15:39:10.068Z" }
wheels = [
    { url = "https://files.pythonhosted.org/packages/81/47/dd9a212ef6e343a6857485ffe25bba537304f1913bdbed446a23f7f592e1/filelock-3.29.0-py3-none-any.whl", hash = "sha256:96f5f6344709aa1572bbf631c640e4ebeeb519e08da902c39a001882f30ac258", size = 39812, upload-time = "2026-04-19T15:39:08.752Z" },
]

[[package]]
name = "filetype"
version = "1.2.0"
source = { registry = "https://pypi.org/simple" }
sdist = { url = "https://files.pythonhosted.org/packages/bb/29/745f7d30d47fe0f251d3ad3dc2978a23141917661998763bebb6da007eb1/filetype-1.2.0.tar.gz", hash = "sha256:66b56cd6474bf41d8c54660347d37afcc3f7d1970648de365c102ef77548aadb", size = 998020, upload-time = "2022-11-02T17:34:04.141Z" }
wheels = [
    { url = "https://files.pythonhosted.org/packages/18/79/1b8fa1bb3568781e84c9200f951c735f3f157429f44be0495da55894d620/filetype-1.2.0-py2.py3-none-any.whl", hash = "sha256:7ce71b6880181241cf7ac8697a2f1eb6a8bd9b429f7ad6d27b8db9ba5f1c2d25", size = 19970, upload-time = "2022-11-02T17:34:01.425Z" },
]

[[package]]
name = "idna"
version = "3.11"
source = { registry = "https://pypi.org/simple" }
sdist = { url = "https://files.pythonhosted.org/packages/6f/6d/0703ccc57f3a7233505399edb88de3cbd678da106337b9fcde432b65ed60/idna-3.11.tar.gz", hash = "sha256:795dafcc9c04ed0c1fb032c2aa73654d8e8c5023a7df64a53f39190ada629902", size = 194582, upload-time = "2025-10-12T14:55:20.501Z" }
wheels = [
    { url = "https://files.pythonhosted.org/packages/0e/61/66938bbb5fc52dbdf84594873d5b51fb1f7c7794e9c0f5bd885f30bc507b/idna-3.11-py3-none-any.whl", hash = "sha256:771a87f49d9defaf64091e6e6fe9c18d4833f140bd19464795bc32d966ca37ea", size = 71008, upload-time = "2025-10-12T14:55:18.883Z" },
]

[[package]]
name = "kivy"
version = "2.3.1"
source = { registry = "https://pypi.org/simple" }
dependencies = [
    { name = "docutils" },
    { name = "filetype" },
    { name = "kivy-deps-angle", marker = "sys_platform == 'win32'" },
    { name = "kivy-deps-glew", marker = "sys_platform == 'win32'" },
    { name = "kivy-deps-sdl2", marker = "sys_platform == 'win32'" },
    { name = "kivy-garden" },
    { name = "pygments" },
    { name = "pypiwin32", marker = "sys_platform == 'win32'" },
    { name = "requests" },
]
sdist = { url = "https://files.pythonhosted.org/packages/de/48/c40f023dc103bdbd56db11facbb2d0ecbf4b019f7392875ee2a8227cb51e/Kivy-2.3.1.tar.gz", hash = "sha256:0833949e3502cdb4abcf9c1da4384674045ad7d85644313aa1ee7573f3b4f9d9", size = 23967306, upload-time = "2024-12-26T16:13:49.299Z" }
wheels = [
    { url = "https://files.pythonhosted.org/packages/f7/02/c76a94480adcb93e4da1b393a8eb392914b5812a5a5aa5bdb401c03571c7/Kivy-2.3.1-cp311-cp311-macosx_10_15_universal2.whl", hash = "sha256:acb58843763075818de919989a73657307f4d833a7cc5547c1b16c226e260e5d", size = 11102692, upload-time = "2024-12-26T16:22:39.038Z" },
    { url = "https://files.pythonhosted.org/packages/03/ac/f5021a35b61f36910a2f38741f28a3e2384c7865c5bf7948cc82371dfe74/Kivy-2.3.1-cp311-cp311-manylinux_2_17_aarch64.manylinux2014_aarch64.whl", hash = "sha256:b7a1799b19f6ab3bcfcef1e729a0229cee646167a1633e067c2add6978f928bb", size = 22792626, upload-time = "2024-12-26T18:27:43.173Z" },
    { url = "https://files.pythonhosted.org/packages/8c/a1/f0fbcbabf8e285967bbd373275b9bd8e170e79b660a83886f998bdaa5b89/Kivy-2.3.1-cp311-cp311-manylinux_2_17_x86_64.manylinux2014_x86_64.whl", hash = "sha256:f180280df46a8c2f9988159938aa1a3e5a0094060d9586ea79df4b4ead9cad98", size = 22978300, upload-time = "2024-12-26T18:27:48.149Z" },
    { url = "https://files.pythonhosted.org/packages/62/52/a95bb60501aacf2ff8477f8c2e6b90324c1d48a917bd822d3cccb664cdad/Kivy-2.3.1-cp311-cp311-win_amd64.whl", hash = "sha256:002de19fef53955c48108758beea3092cf281326642d2e71eca1c443f4227cce", size = 4596321, upload-time = "2024-12-26T16:13:28.331Z" },
]

[[package]]
name = "kivy-deps-angle"
version = "0.4.0"
source = { registry = "https://pypi.org/simple" }
wheels = [
    { url = "https://files.pythonhosted.org/packages/e8/1a/038c0844aa46fc49dcf8a657e890729f8960bfcac72e9c09c10cc18b32f2/kivy_deps.angle-0.4.0-cp311-cp311-win32.whl", hash = "sha256:c3899ff1f3886b80b155955bad07bfa33bbebd97718cdf46dfd788dc467124bc", size = 4588968, upload-time = "2023-12-08T09:46:35.181Z" },
    { url = "https://files.pythonhosted.org/packages/c3/b1/d1ca22a7b18e7b2b90152a78a0c2d09a96fdb924f87be1914d70d9bee543/kivy_deps.angle-0.4.0-cp311-cp311-win_amd64.whl", hash = "sha256:574381d4e66f3198bc48aa10f238e7a3816ad56b80ec939f5d56fb33a378d0b1", size = 5130936, upload-time = "2023-12-08T09:46:19.348Z" },
]

[[package]]
name = "kivy-deps-glew"
version = "0.3.1"
source = { registry = "https://pypi.org/simple" }
wheels = [
    { url = "https://files.pythonhosted.org/packages/5d/4e/4300963410a49c4ab6eaadefce3e09c5e17421bc042b072862a27413b08c/kivy_deps.glew-0.3.1-cp311-cp311-win32.whl", hash = "sha256:ee2f80ef7ac70f4b61c50da8101b024308a8c59a57f7f25a6e09762b6c48f942", size = 126457, upload-time = "2022-10-27T18:37:21.83Z" },
    { url = "https://files.pythonhosted.org/packages/d6/37/884034260818569547347cc2ba89780ff3f83a9ce6b9a894360c1d86e82c/kivy_deps.glew-0.3.1-cp311-cp311-win_amd64.whl", hash = "sha256:22e155ec59ce717387f5d8804811206d200a023ba3d0bc9bbf1393ee28d0053e", size = 123574, upload-time = "2022-10-27T18:36:49.17Z" },
]

[[package]]
name = "kivy-deps-sdl2"
version = "0.8.0"
source = { registry = "https://pypi.org/simple" }
wheels = [
    { url = "https://files.pythonhosted.org/packages/4d/a5/d0605aea79495cc430807fb33f0615fe0a9cadb05da45fc6faa6f126a9fd/kivy_deps.sdl2-0.8.0-cp311-cp311-win_amd64.whl", hash = "sha256:ae3735480841ec9a57c0fb26e8647adee474a3d746147e3d75a1fc177c0fbc01", size = 4182250, upload-time = "2024-10-05T09:06:27.444Z" },
]

[[package]]
name = "kivy-garden"
version = "0.1.5"
source = { registry = "https://pypi.org/simple" }
dependencies = [
    { name = "requests" },
]
wheels = [
    { url = "https://files.pythonhosted.org/packages/6a/55/cd1555bde62f809219cbc5d8a0836b0293399da2f4ba4e8ee84b6a7cc393/Kivy_Garden-0.1.5-py3-none-any.whl", hash = "sha256:ef50f44b96358cf10ac5665f27a4751bb34ef54051c54b93af891f80afe42929", size = 4623, upload-time = "2022-03-23T23:25:33.752Z" },
]

[[package]]
name = "kivymd"
version = "1.2.0"
source = { registry = "https://pypi.org/simple" }
dependencies = [
    { name = "kivy" },
    { name = "pillow" },
]
sdist = { url = "https://files.pythonhosted.org/packages/20/81/0b1154f5e581d5910702d9fadb3217f56cb186f72c8b36de0271e7ff9b5c/kivymd-1.2.0.tar.gz", hash = "sha256:2d33e2c59259998e93aee55acde647a4a20e5a0f962469db24ee4c9ec586962e", size = 2160842, upload-time = "2024-01-21T10:49:26.401Z" }

[[package]]
name = "pexpect"
version = "4.9.0"
source = { registry = "https://pypi.org/simple" }
dependencies = [
    { name = "ptyprocess" },
]
sdist = { url = "https://files.pythonhosted.org/packages/42/92/cc564bf6381ff43ce1f4d06852fc19a2f11d180f23dc32d9588bee2f149d/pexpect-4.9.0.tar.gz", hash = "sha256:ee7d41123f3c9911050ea2c2dac107568dc43b2d3b0c7557a33212c398ead30f", size = 166450, upload-time = "2023-11-25T09:07:26.339Z" }
wheels = [
    { url = "https://files.pythonhosted.org/packages/9e/c3/059298687310d527a58bb01f3b1965787ee3b40dce76752eda8b44e9a2c5/pexpect-4.9.0-py2.py3-none-any.whl", hash = "sha256:7236d1e080e4936be2dc3e326cec0af72acf9212a7e1d060210e70a47e253523", size = 63772, upload-time = "2023-11-25T06:56:14.81Z" },
]

[[package]]
name = "pillow"
version = "12.0.0"
source = { registry = "https://pypi.org/simple" }
sdist = { url = "https://files.pythonhosted.org/packages/5a/b0/cace85a1b0c9775a9f8f5d5423c8261c858760e2466c79b2dd184638b056/pillow-12.0.0.tar.gz", hash = "sha256:87d4f8125c9988bfbed67af47dd7a953e2fc7b0cc1e7800ec6d2080d490bb353", size = 47008828, upload-time = "2025-10-15T18:24:14.008Z" }
wheels = [
    { url = "https://files.pythonhosted.org/packages/0e/5a/a2f6773b64edb921a756eb0729068acad9fc5208a53f4a349396e9436721/pillow-12.0.0-cp311-cp311-macosx_10_10_x86_64.whl", hash = "sha256:0fd00cac9c03256c8b2ff58f162ebcd2587ad3e1f2e397eab718c47e24d231cc", size = 5289798, upload-time = "2025-10-15T18:21:47.763Z" },
    { url = "https://files.pythonhosted.org/packages/2e/05/069b1f8a2e4b5a37493da6c5868531c3f77b85e716ad7a590ef87d58730d/pillow-12.0.0-cp311-cp311-macosx_11_0_arm64.whl", hash = "sha256:a3475b96f5908b3b16c47533daaa87380c491357d197564e0ba34ae75c0f3257", size = 4650589, upload-time = "2025-10-15T18:21:49.515Z" },
    { url = "https://files.pythonhosted.org/packages/61/e3/2c820d6e9a36432503ead175ae294f96861b07600a7156154a086ba7111a/pillow-12.0.0-cp311-cp311-manylinux2014_aarch64.manylinux_2_17_aarch64.whl", hash = "sha256:110486b79f2d112cf6add83b28b627e369219388f64ef2f960fef9ebaf54c642", size = 6230472, upload-time = "2025-10-15T18:21:51.052Z" },
    { url = "https://files.pythonhosted.org/packages/4f/89/63427f51c64209c5e23d4d52071c8d0f21024d3a8a487737caaf614a5795/pillow-12.0.0-cp311-cp311-manylinux2014_x86_64.manylinux_2_17_x86_64.whl", hash = "sha256:5269cc1caeedb67e6f7269a42014f381f45e2e7cd42d834ede3c703a1d915fe3", size = 8033887, upload-time = "2025-10-15T18:21:52.604Z" },
    { url = "https://files.pythonhosted.org/packages/f6/1b/c9711318d4901093c15840f268ad649459cd81984c9ec9887756cca049a5/pillow-12.0.0-cp311-cp311-manylinux_2_27_aarch64.manylinux_2_28_aarch64.whl", hash = "sha256:aa5129de4e174daccbc59d0a3b6d20eaf24417d59851c07ebb37aeb02947987c", size = 6343964, upload-time = "2025-10-15T18:21:54.619Z" },
    { url = "https://files.pythonhosted.org/packages/41/1e/db9470f2d030b4995083044cd8738cdd1bf773106819f6d8ba12597d5352/pillow-12.0.0-cp311-cp311-manylinux_2_27_x86_64.manylinux_2_28_x86_64.whl", hash = "sha256:bee2a6db3a7242ea309aa7ee8e2780726fed67ff4e5b40169f2c940e7eb09227", size = 7034756, upload-time = "2025-10-15T18:21:56.151Z" },
    { url = "https://files.pythonhosted.org/packages/cc/b0/6177a8bdd5ee4ed87cba2de5a3cc1db55ffbbec6176784ce5bb75aa96798/pillow-12.0.0-cp311-cp311-musllinux_1_2_aarch64.whl", hash = "sha256:90387104ee8400a7b4598253b4c406f8958f59fcf983a6cea2b50d59f7d63d0b", size = 6458075, upload-time = "2025-10-15T18:21:57.759Z" },
    { url = "https://files.pythonhosted.org/packages/bc/5e/61537aa6fa977922c6a03253a0e727e6e4a72381a80d63ad8eec350684f2/pillow-12.0.0-cp311-cp311-musllinux_1_2_x86_64.whl", hash = "sha256:bc91a56697869546d1b8f0a3ff35224557ae7f881050e99f615e0119bf934b4e", size = 7125955, upload-time = "2025-10-15T18:21:59.372Z" },
    { url = "https://files.pythonhosted.org/packages/1f/3d/d5033539344ee3cbd9a4d69e12e63ca3a44a739eb2d4c8da350a3d38edd7/pillow-12.0.0-cp311-cp311-win32.whl", hash = "sha256:27f95b12453d165099c84f8a8bfdfd46b9e4bda9e0e4b65f0635430027f55739", size = 6298440, upload-time = "2025-10-15T18:22:00.982Z" },
    { url = "https://files.pythonhosted.org/packages/4d/42/aaca386de5cc8bd8a0254516957c1f265e3521c91515b16e286c662854c4/pillow-12.0.0-cp311-cp311-win_amd64.whl", hash = "sha256:b583dc9070312190192631373c6c8ed277254aa6e6084b74bdd0a6d3b221608e", size = 6999256, upload-time = "2025-10-15T18:22:02.617Z" },
    { url = "https://files.pythonhosted.org/packages/ba/f1/9197c9c2d5708b785f631a6dfbfa8eb3fb9672837cb92ae9af812c13b4ed/pillow-12.0.0-cp311-cp311-win_arm64.whl", hash = "sha256:759de84a33be3b178a64c8ba28ad5c135900359e85fb662bc6e403ad4407791d", size = 2436025, upload-time = "2025-10-15T18:22:04.598Z" },
    { url = "https://files.pythonhosted.org/packages/1d/b3/582327e6c9f86d037b63beebe981425d6811104cb443e8193824ef1a2f27/pillow-12.0.0-pp311-pypy311_pp73-macosx_10_15_x86_64.whl", hash = "sha256:b22bd8c974942477156be55a768f7aa37c46904c175be4e158b6a86e3a6b7ca8", size = 5215068, upload-time = "2025-10-15T18:23:59.594Z" },
    { url = "https://files.pythonhosted.org/packages/fd/d6/67748211d119f3b6540baf90f92fae73ae51d5217b171b0e8b5f7e5d558f/pillow-12.0.0-pp311-pypy311_pp73-macosx_11_0_arm64.whl", hash = "sha256:805ebf596939e48dbb2e4922a1d3852cfc25c38160751ce02da93058b48d252a", size = 4614994, upload-time = "2025-10-15T18:24:01.669Z" },
    { url = "https://files.pythonhosted.org/packages/2d/e1/f8281e5d844c41872b273b9f2c34a4bf64ca08905668c8ae730eedc7c9fa/pillow-12.0.0-pp311-pypy311_pp73-manylinux2014_aarch64.manylinux_2_17_aarch64.whl", hash = "sha256:cae81479f77420d217def5f54b5b9d279804d17e982e0f2fa19b1d1e14ab5197", size = 5246639, upload-time = "2025-10-15T18:24:03.403Z" },
    { url = "https://files.pythonhosted.org/packages/94/5a/0d8ab8ffe8a102ff5df60d0de5af309015163bf710c7bb3e8311dd3b3ad0/pillow-12.0.0-pp311-pypy311_pp73-manylinux2014_x86_64.manylinux_2_17_x86_64.whl", hash = "sha256:aeaefa96c768fc66818730b952a862235d68825c178f1b3ffd4efd7ad2edcb7c", size = 6986839, upload-time = "2025-10-15T18:24:05.344Z" },
    { url = "https://files.pythonhosted.org/packages/20/2e/3434380e8110b76cd9eb00a363c484b050f949b4bbe84ba770bb8508a02c/pillow-12.0.0-pp311-pypy311_pp73-manylinux_2_27_aarch64.manylinux_2_28_aarch64.whl", hash = "sha256:09f2d0abef9e4e2f349305a4f8cc784a8a6c2f58a8c4892eea13b10a943bd26e", size = 5313505, upload-time = "2025-10-15T18:24:07.137Z" },
    { url = "https://files.pythonhosted.org/packages/57/ca/5a9d38900d9d74785141d6580950fe705de68af735ff6e727cb911b64740/pillow-12.0.0-pp311-pypy311_pp73-manylinux_2_27_x86_64.manylinux_2_28_x86_64.whl", hash = "sha256:bdee52571a343d721fb2eb3b090a82d959ff37fc631e3f70422e0c2e029f3e76", size = 5963654, upload-time = "2025-10-15T18:24:09.579Z" },
    { url = "https://files.pythonhosted.org/packages/95/7e/f896623c3c635a90537ac093c6a618ebe1a90d87206e42309cb5d98a1b9e/pillow-12.0.0-pp311-pypy311_pp73-win_amd64.whl", hash = "sha256:b290fd8aa38422444d4b50d579de197557f182ef1068b75f5aa8558638b8d0a5", size = 6997850, upload-time = "2025-10-15T18:24:11.495Z" },
]

[[package]]
name = "pip"
version = "25.3"
source = { registry = "https://pypi.org/simple" }
sdist = { url = "https://files.pythonhosted.org/packages/fe/6e/74a3f0179a4a73a53d66ce57fdb4de0080a8baa1de0063de206d6167acc2/pip-25.3.tar.gz", hash = "sha256:8d0538dbbd7babbd207f261ed969c65de439f6bc9e5dbd3b3b9a77f25d95f343", size = 1803014, upload-time = "2025-10-25T00:55:41.394Z" }
wheels = [
    { url = "https://files.pythonhosted.org/packages/44/3c/d717024885424591d5376220b5e836c2d5293ce2011523c9de23ff7bf068/pip-25.3-py3-none-any.whl", hash = "sha256:9655943313a94722b7774661c21049070f6bbb0a1516bf02f7c8d5d9201514cd", size = 1778622, upload-time = "2025-10-25T00:55:39.247Z" },
]

[[package]]
name = "platformdirs"
version = "4.9.6"
source = { registry = "https://pypi.org/simple" }
sdist = { url = "https://files.pythonhosted.org/packages/9f/4a/0883b8e3802965322523f0b200ecf33d31f10991d0401162f4b23c698b42/platformdirs-4.9.6.tar.gz", hash = "sha256:3bfa75b0ad0db84096ae777218481852c0ebc6c727b3168c1b9e0118e458cf0a", size = 29400, upload-time = "2026-04-09T00:04:10.812Z" }
wheels = [
    { url = "https://files.pythonhosted.org/packages/75/a6/a0a304dc33b49145b21f4808d763822111e67d1c3a32b524a1baf947b6e1/platformdirs-4.9.6-py3-none-any.whl", hash = "sha256:e61adb1d5e5cb3441b4b7710bea7e4c12250ca49439228cc1021c00dcfac0917", size = 21348, upload-time = "2026-04-09T00:04:09.463Z" },
]

[[package]]
name = "plyer"
version = "2.1.0"
source = { registry = "https://pypi.org/simple" }
sdist = { url = "https://files.pythonhosted.org/packages/20/85/f61425aa9be1f9108eec1c13861c1e11c9a04eb786eb4832a8f7188317df/plyer-2.1.0.tar.gz", hash = "sha256:65b7dfb7e11e07af37a8487eb2aa69524276ef70dad500b07228ce64736baa61", size = 121371, upload-time = "2022-11-12T13:36:48.978Z" }
wheels = [
    { url = "https://files.pythonhosted.org/packages/d3/89/a41c2643fc8eabeb84791acb9d0e4d139b1e4b53473cc4dae947b5fa33ed/plyer-2.1.0-py2.py3-none-any.whl", hash = "sha256:1b1772060df8b3045ed4f08231690ec8f7de30f5a004aa1724665a9074eed113", size = 142266, upload-time = "2022-11-12T13:36:47.181Z" },
]

[[package]]
name = "ptyprocess"
version = "0.7.0"
source = { registry = "https://pypi.org/simple" }
sdist = { url = "https://files.pythonhosted.org/packages/20/e5/16ff212c1e452235a90aeb09066144d0c5a6a8c0834397e03f5224495c4e/ptyprocess-0.7.0.tar.gz", hash = "sha256:5c5d0a3b48ceee0b48485e0c26037c0acd7d29765ca3fbb5cb3831d347423220", size = 70762, upload-time = "2020-12-28T15:15:30.155Z" }
wheels = [
    { url = "https://files.pythonhosted.org/packages/22/a6/858897256d0deac81a172289110f31629fc4cee19b6f01283303e18c8db3/ptyprocess-0.7.0-py2.py3-none-any.whl", hash = "sha256:4b41f3967fce3af57cc7e94b888626c18bf37a083e3651ca8feeb66d492fef35", size = 13993, upload-time = "2020-12-28T15:15:28.35Z" },
]

[[package]]
name = "pygments"
version = "2.19.2"
source = { registry = "https://pypi.org/simple" }
sdist = { url = "https://files.pythonhosted.org/packages/b0/77/a5b8c569bf593b0140bde72ea885a803b82086995367bf2037de0159d924/pygments-2.19.2.tar.gz", hash = "sha256:636cb2477cec7f8952536970bc533bc43743542f70392ae026374600add5b887", size = 4968631, upload-time = "2025-06-21T13:39:12.283Z" }
wheels = [
    { url = "https://files.pythonhosted.org/packages/c7/21/705964c7812476f378728bdf590ca4b771ec72385c533964653c68e86bdc/pygments-2.19.2-py3-none-any.whl", hash = "sha256:86540386c03d588bb81d44bc3928634ff26449851e99741617ecb9037ee5ec0b", size = 1225217, upload-time = "2025-06-21T13:39:07.939Z" },
]

[[package]]
name = "pypiwin32"
version = "223"
source = { registry = "https://pypi.org/simple" }
dependencies = [
    { name = "pywin32" },
]
sdist = { url = "https://files.pythonhosted.org/packages/13/e8/4f38eb30c4dae36634a53c5b2cd73b517ea3607e10d00f61f2494449cec0/pypiwin32-223.tar.gz", hash = "sha256:71be40c1fbd28594214ecaecb58e7aa8b708eabfa0125c8a109ebd51edbd776a", size = 622, upload-time = "2018-02-26T00:43:23.994Z" }
wheels = [
    { url = "https://files.pythonhosted.org/packages/d0/1b/2f292bbd742e369a100c91faa0483172cd91a1a422a6692055ac920946c5/pypiwin32-223-py3-none-any.whl", hash = "sha256:67adf399debc1d5d14dffc1ab5acacb800da569754fafdc576b2a039485aa775", size = 1674, upload-time = "2018-02-26T00:43:23.108Z" },
]

[[package]]
name = "python-discovery"
version = "1.3.0"
source = { registry = "https://pypi.org/simple" }
dependencies = [
    { name = "filelock" },
    { name = "platformdirs" },
]
sdist = { url = "https://files.pythonhosted.org/packages/ae/e0/cc5a8653e9a24f6cf84768f05064aa8ed5a83dcefd5e2a043db14a1c5f44/python_discovery-1.3.0.tar.gz", hash = "sha256:d098f1e86be5d45fe4d14bf1029294aabbd332f4321179dec85e76cddce834b0", size = 63925, upload-time = "2026-05-05T14:38:39.769Z" }
wheels = [
    { url = "https://files.pythonhosted.org/packages/30/d4/24d543ab8b8158b7f5a97113c831205f5c900c92c8762b1e7f44b7ea0405/python_discovery-1.3.0-py3-none-any.whl", hash = "sha256:441d9ced3dfce36e113beb35ca302c71c7ef06f3c0f9c227a0b9bb3bd49b9e9f", size = 33124, upload-time = "2026-05-05T14:38:38.539Z" },
]

[[package]]
name = "pywin32"
version = "311"
source = { registry = "https://pypi.org/simple" }
wheels = [
    { url = "https://files.pythonhosted.org/packages/7c/af/449a6a91e5d6db51420875c54f6aff7c97a86a3b13a0b4f1a5c13b988de3/pywin32-311-cp311-cp311-win32.whl", hash = "sha256:184eb5e436dea364dcd3d2316d577d625c0351bf237c4e9a5fabbcfa5a58b151", size = 8697031, upload-time = "2025-07-14T20:13:13.266Z" },
    { url = "https://files.pythonhosted.org/packages/51/8f/9bb81dd5bb77d22243d33c8397f09377056d5c687aa6d4042bea7fbf8364/pywin32-311-cp311-cp311-win_amd64.whl", hash = "sha256:3ce80b34b22b17ccbd937a6e78e7225d80c52f5ab9940fe0506a1a16f3dab503", size = 9508308, upload-time = "2025-07-14T20:13:15.147Z" },
    { url = "https://files.pythonhosted.org/packages/44/7b/9c2ab54f74a138c491aba1b1cd0795ba61f144c711daea84a88b63dc0f6c/pywin32-311-cp311-cp311-win_arm64.whl", hash = "sha256:a733f1388e1a842abb67ffa8e7aad0e70ac519e09b0f6a784e65a136ec7cefd2", size = 8703930, upload-time = "2025-07-14T20:13:16.945Z" },
]

[[package]]
name = "requests"
version = "2.32.5"
source = { registry = "https://pypi.org/simple" }
dependencies = [
    { name = "certifi" },
    { name = "charset-normalizer" },
    { name = "idna" },
    { name = "urllib3" },
]
sdist = { url = "https://files.pythonhosted.org/packages/c9/74/b3ff8e6c8446842c3f5c837e9c3dfcfe2018ea6ecef224c710c85ef728f4/requests-2.32.5.tar.gz", hash = "sha256:dbba0bac56e100853db0ea71b82b4dfd5fe2bf6d3754a8893c3af500cec7d7cf", size = 134517, upload-time = "2025-08-18T20:46:02.573Z" }
wheels = [
    { url = "https://files.pythonhosted.org/packages/1e/db/4254e3eabe8020b458f1a747140d32277ec7a271daf1d235b70dc0b4e6e3/requests-2.32.5-py3-none-any.whl", hash = "sha256:2462f94637a34fd532264295e186976db0f5d453d1cdd31473c85a6a161affb6", size = 64738, upload-time = "2025-08-18T20:46:00.542Z" },
]

[[package]]
name = "setuptools"
version = "80.9.0"
source = { registry = "https://pypi.org/simple" }
sdist = { url = "https://files.pythonhosted.org/packages/18/5d/3bf57dcd21979b887f014ea83c24ae194cfcd12b9e0fda66b957c69d1fca/setuptools-80.9.0.tar.gz", hash = "sha256:f36b47402ecde768dbfafc46e8e4207b4360c654f1f3bb84475f0a28628fb19c", size = 1319958, upload-time = "2025-05-27T00:56:51.443Z" }
wheels = [
    { url = "https://files.pythonhosted.org/packages/a3/dc/17031897dae0efacfea57dfd3a82fdd2a2aeb58e0ff71b77b87e44edc772/setuptools-80.9.0-py3-none-any.whl", hash = "sha256:062d34222ad13e0cc312a4c02d73f059e86a4acbfbdea8f8f76b28c99f306922", size = 1201486, upload-time = "2025-05-27T00:56:49.664Z" },
]

[[package]]
name = "sh"
version = "2.2.2"
source = { registry = "https://pypi.org/simple" }
sdist = { url = "https://files.pythonhosted.org/packages/59/52/f43920223c93e31874677c681b8603d36a40d3d8502d3a37f80d3995d43e/sh-2.2.2.tar.gz", hash = "sha256:653227a7c41a284ec5302173fbc044ee817c7bad5e6e4d8d55741b9aeb9eb65b", size = 345866, upload-time = "2025-02-24T07:16:25.363Z" }
wheels = [
    { url = "https://files.pythonhosted.org/packages/70/98/d82f14ac7ffedbd38dfa2383f142b26d18d23ca6cf35a40f4af60df666bd/sh-2.2.2-py3-none-any.whl", hash = "sha256:e0b15b4ae8ffcd399bc8ffddcbd770a43c7a70a24b16773fbb34c001ad5d52af", size = 38295, upload-time = "2025-02-24T07:16:23.782Z" },
]

[[package]]
name = "urllib3"
version = "2.5.0"
source = { registry = "https://pypi.org/simple" }
sdist = { url = "https://files.pythonhosted.org/packages/15/22/9ee70a2574a4f4599c47dd506532914ce044817c7752a79b6a51286319bc/urllib3-2.5.0.tar.gz", hash = "sha256:3fc47733c7e419d4bc3f6b3dc2b4f890bb743906a30d56ba4a5bfa4bbff92760", size = 393185, upload-time = "2025-06-18T14:07:41.644Z" }
wheels = [
    { url = "https://files.pythonhosted.org/packages/a7/c2/fe1e52489ae3122415c51f387e221dd0773709bad6c6cdaa599e8a2c5185/urllib3-2.5.0-py3-none-any.whl", hash = "sha256:e6b01673c0fa6a13e374b50871808eb3bf7046c4b125b216f6bf1cc604cff0dc", size = 129795, upload-time = "2025-06-18T14:07:40.39Z" },
]

[[package]]
name = "virtualenv"
version = "21.3.1"
source = { registry = "https://pypi.org/simple" }
dependencies = [
    { name = "distlib" },
    { name = "filelock" },
    { name = "platformdirs" },
    { name = "python-discovery" },
]
sdist = { url = "https://files.pythonhosted.org/packages/ec/0d/915c02c94d207b85580eb09bffab54438a709e7288524094fe781da526c2/virtualenv-21.3.1.tar.gz", hash = "sha256:c2305bc1fddeec40699b8370d13f8d431b0701f00ce895061ce493aeded4426b", size = 7613791, upload-time = "2026-05-05T01:34:31.402Z" }
wheels = [
    { url = "https://files.pythonhosted.org/packages/b1/4f/f71e641e504111a5a74e3a20bc52d01bd86788b22699dd3fee1c63253cf6/virtualenv-21.3.1-py3-none-any.whl", hash = "sha256:d1a71cf58f2f9228fff23a1f6ec15d39785c6b32e03658d104974247145edd35", size = 7594539, upload-time = "2026-05-05T01:34:28.98Z" },
]
